// !$*UTF8*$!
{
	archiveVersion = 1;
	classes = {
	};
	objectVersion = 46;
	objects = {

/* Begin PBXBuildFile section */
		1A5DD09361E3DD20E61CEB3E /* libPods-TheKeyOAuth2.a in Frameworks */ = {isa = PBXBuildFile; fileRef = 5DFA7ABA8C5C33723E52B498 /* libPods-TheKeyOAuth2.a */; };
		D3BAC3AF1836AD9500EDE24A /* Foundation.framework in Frameworks */ = {isa = PBXBuildFile; fileRef = D3BAC3AE1836AD9500EDE24A /* Foundation.framework */; };
		D3BAC3D61836AF7C00EDE24A /* TheKeyOAuth2Client.m in Sources */ = {isa = PBXBuildFile; fileRef = D3BAC3D51836AF7C00EDE24A /* TheKeyOAuth2Client.m */; };
		D3C4033C183BE939002F364E /* TheKeyOAuth2LoginViewController.m in Sources */ = {isa = PBXBuildFile; fileRef = D3C4033B183BE939002F364E /* TheKeyOAuth2LoginViewController.m */; };
/* End PBXBuildFile section */

/* Begin PBXCopyFilesBuildPhase section */
		D3BAC3A91836AD9500EDE24A /* CopyFiles */ = {
			isa = PBXCopyFilesBuildPhase;
			buildActionMask = 2147483647;
			dstPath = "include/$(PRODUCT_NAME)";
			dstSubfolderSpec = 16;
			files = (
			);
			runOnlyForDeploymentPostprocessing = 0;
		};
/* End PBXCopyFilesBuildPhase section */

/* Begin PBXFileReference section */
		4F4F4C961FBCCE0900CEE815 /* en */ = {isa = PBXFileReference; lastKnownFileType = image.png; name = en; path = en.lproj/back.png; sourceTree = "<group>"; };
		4F4F4C981FBCCE2800CEE815 /* en */ = {isa = PBXFileReference; lastKnownFileType = image.png; name = en; path = en.lproj/forward.png; sourceTree = "<group>"; };
		5DFA7ABA8C5C33723E52B498 /* libPods-TheKeyOAuth2.a */ = {isa = PBXFileReference; explicitFileType = archive.ar; includeInIndex = 0; path = "libPods-TheKeyOAuth2.a"; sourceTree = BUILT_PRODUCTS_DIR; };
		AE3262F8F81A51B264ED0E2B /* Pods-TheKeyOAuth2.debug.xcconfig */ = {isa = PBXFileReference; includeInIndex = 1; lastKnownFileType = text.xcconfig; name = "Pods-TheKeyOAuth2.debug.xcconfig"; path = "Pods/Target Support Files/Pods-TheKeyOAuth2/Pods-TheKeyOAuth2.debug.xcconfig"; sourceTree = "<group>"; };
		CBEB0AEA9BB74A64BB7CDF39 /* libPods.a */ = {isa = PBXFileReference; explicitFileType = archive.ar; includeInIndex = 0; path = libPods.a; sourceTree = BUILT_PRODUCTS_DIR; };
		D3BAC3AB1836AD9500EDE24A /* libTheKeyOAuth2.a */ = {isa = PBXFileReference; explicitFileType = archive.ar; includeInIndex = 0; path = libTheKeyOAuth2.a; sourceTree = BUILT_PRODUCTS_DIR; };
		D3BAC3AE1836AD9500EDE24A /* Foundation.framework */ = {isa = PBXFileReference; lastKnownFileType = wrapper.framework; name = Foundation.framework; path = System/Library/Frameworks/Foundation.framework; sourceTree = SDKROOT; };
		D3BAC3B21836AD9500EDE24A /* TheKeyOAuth2-Prefix.pch */ = {isa = PBXFileReference; lastKnownFileType = sourcecode.c.h; path = "TheKeyOAuth2-Prefix.pch"; sourceTree = "<group>"; };
		D3BAC3BC1836AD9500EDE24A /* XCTest.framework */ = {isa = PBXFileReference; lastKnownFileType = wrapper.framework; name = XCTest.framework; path = Library/Frameworks/XCTest.framework; sourceTree = DEVELOPER_DIR; };
		D3BAC3BF1836AD9500EDE24A /* UIKit.framework */ = {isa = PBXFileReference; lastKnownFileType = wrapper.framework; name = UIKit.framework; path = Library/Frameworks/UIKit.framework; sourceTree = DEVELOPER_DIR; };
		D3BAC3D41836AF7C00EDE24A /* TheKeyOAuth2Client.h */ = {isa = PBXFileReference; fileEncoding = 4; lastKnownFileType = sourcecode.c.h; path = TheKeyOAuth2Client.h; sourceTree = "<group>"; };
		D3BAC3D51836AF7C00EDE24A /* TheKeyOAuth2Client.m */ = {isa = PBXFileReference; fileEncoding = 4; lastKnownFileType = sourcecode.c.objc; path = TheKeyOAuth2Client.m; sourceTree = "<group>"; };
		D3C4033A183BE939002F364E /* TheKeyOAuth2LoginViewController.h */ = {isa = PBXFileReference; fileEncoding = 4; lastKnownFileType = sourcecode.c.h; path = TheKeyOAuth2LoginViewController.h; sourceTree = "<group>"; };
		D3C4033B183BE939002F364E /* TheKeyOAuth2LoginViewController.m */ = {isa = PBXFileReference; fileEncoding = 4; lastKnownFileType = sourcecode.c.objc; path = TheKeyOAuth2LoginViewController.m; sourceTree = "<group>"; };
		E8B0B05FD0B9E5DDA3CC3A19 /* Pods-TheKeyOAuth2.release.xcconfig */ = {isa = PBXFileReference; includeInIndex = 1; lastKnownFileType = text.xcconfig; name = "Pods-TheKeyOAuth2.release.xcconfig"; path = "Pods/Target Support Files/Pods-TheKeyOAuth2/Pods-TheKeyOAuth2.release.xcconfig"; sourceTree = "<group>"; };
/* End PBXFileReference section */

/* Begin PBXFrameworksBuildPhase section */
		D3BAC3A81836AD9500EDE24A /* Frameworks */ = {
			isa = PBXFrameworksBuildPhase;
			buildActionMask = 2147483647;
			files = (
				D3BAC3AF1836AD9500EDE24A /* Foundation.framework in Frameworks */,
				1A5DD09361E3DD20E61CEB3E /* libPods-TheKeyOAuth2.a in Frameworks */,
			);
			runOnlyForDeploymentPostprocessing = 0;
		};
/* End PBXFrameworksBuildPhase section */

/* Begin PBXGroup section */
		4169491AECF0D1CAD99D0D5D /* Pods */ = {
			isa = PBXGroup;
			children = (
				AE3262F8F81A51B264ED0E2B /* Pods-TheKeyOAuth2.debug.xcconfig */,
				E8B0B05FD0B9E5DDA3CC3A19 /* Pods-TheKeyOAuth2.release.xcconfig */,
			);
			name = Pods;
			sourceTree = "<group>";
		};
		4FF0597E1D3D4CF8000F6461 /* Resources */ = {
			isa = PBXGroup;
			children = (
				4F4F4C971FBCCE0900CEE815 /* back.png */,
				4F4F4C991FBCCE2800CEE815 /* forward.png */,
			);
			name = Resources;
			sourceTree = "<group>";
		};
		D3BAC3A21836AD9500EDE24A = {
			isa = PBXGroup;
			children = (
				4FF0597E1D3D4CF8000F6461 /* Resources */,
				D3BAC3B01836AD9500EDE24A /* TheKeyOAuth2 */,
				D3BAC3AD1836AD9500EDE24A /* Frameworks */,
				D3BAC3AC1836AD9500EDE24A /* Products */,
				4169491AECF0D1CAD99D0D5D /* Pods */,
			);
			sourceTree = "<group>";
		};
		D3BAC3AC1836AD9500EDE24A /* Products */ = {
			isa = PBXGroup;
			children = (
				D3BAC3AB1836AD9500EDE24A /* libTheKeyOAuth2.a */,
			);
			name = Products;
			sourceTree = "<group>";
		};
		D3BAC3AD1836AD9500EDE24A /* Frameworks */ = {
			isa = PBXGroup;
			children = (
				D3BAC3AE1836AD9500EDE24A /* Foundation.framework */,
				D3BAC3BC1836AD9500EDE24A /* XCTest.framework */,
				D3BAC3BF1836AD9500EDE24A /* UIKit.framework */,
				CBEB0AEA9BB74A64BB7CDF39 /* libPods.a */,
				5DFA7ABA8C5C33723E52B498 /* libPods-TheKeyOAuth2.a */,
			);
			name = Frameworks;
			sourceTree = "<group>";
		};
		D3BAC3B01836AD9500EDE24A /* TheKeyOAuth2 */ = {
			isa = PBXGroup;
			children = (
				D3BAC3B11836AD9500EDE24A /* Supporting Files */,
				D3BAC3D41836AF7C00EDE24A /* TheKeyOAuth2Client.h */,
				D3BAC3D51836AF7C00EDE24A /* TheKeyOAuth2Client.m */,
				D3C4033A183BE939002F364E /* TheKeyOAuth2LoginViewController.h */,
				D3C4033B183BE939002F364E /* TheKeyOAuth2LoginViewController.m */,
			);
			path = TheKeyOAuth2;
			sourceTree = "<group>";
		};
		D3BAC3B11836AD9500EDE24A /* Supporting Files */ = {
			isa = PBXGroup;
			children = (
				D3BAC3B21836AD9500EDE24A /* TheKeyOAuth2-Prefix.pch */,
			);
			name = "Supporting Files";
			sourceTree = "<group>";
		};
/* End PBXGroup section */

/* Begin PBXNativeTarget section */
		D3BAC3AA1836AD9500EDE24A /* TheKeyOAuth2 */ = {
			isa = PBXNativeTarget;
			buildConfigurationList = D3BAC3CE1836AD9500EDE24A /* Build configuration list for PBXNativeTarget "TheKeyOAuth2" */;
			buildPhases = (
				BEEE5FF830584B0794EDB5F7 /* [CP] Check Pods Manifest.lock */,
				D3BAC3A71836AD9500EDE24A /* Sources */,
				D3BAC3A81836AD9500EDE24A /* Frameworks */,
				D3BAC3A91836AD9500EDE24A /* CopyFiles */,
				67B279841A2045DEAA9D9512 /* [CP] Copy Pods Resources */,
			);
			buildRules = (
			);
			dependencies = (
			);
			name = TheKeyOAuth2;
			productName = TheKeyOAuth2;
			productReference = D3BAC3AB1836AD9500EDE24A /* libTheKeyOAuth2.a */;
			productType = "com.apple.product-type.library.static";
		};
/* End PBXNativeTarget section */

/* Begin PBXProject section */
		D3BAC3A31836AD9500EDE24A /* Project object */ = {
			isa = PBXProject;
			attributes = {
				LastUpgradeCheck = 0500;
				ORGANIZATIONNAME = TheKey;
			};
			buildConfigurationList = D3BAC3A61836AD9500EDE24A /* Build configuration list for PBXProject "TheKeyOAuth2" */;
			compatibilityVersion = "Xcode 3.2";
			developmentRegion = English;
			hasScannedForEncodings = 0;
			knownRegions = (
				en,
			);
			mainGroup = D3BAC3A21836AD9500EDE24A;
			productRefGroup = D3BAC3AC1836AD9500EDE24A /* Products */;
			projectDirPath = "";
			projectRoot = "";
			targets = (
				D3BAC3AA1836AD9500EDE24A /* TheKeyOAuth2 */,
			);
		};
/* End PBXProject section */

/* Begin PBXShellScriptBuildPhase section */
		67B279841A2045DEAA9D9512 /* [CP] Copy Pods Resources */ = {
			isa = PBXShellScriptBuildPhase;
			buildActionMask = 2147483647;
			files = (
			);
			inputPaths = (
				"${SRCROOT}/Pods/Target Support Files/Pods-TheKeyOAuth2/Pods-TheKeyOAuth2-resources.sh",
				"${PODS_ROOT}/GTMOAuth2/Source/Touch/GTMOAuth2ViewTouch.xib",
			);
			name = "[CP] Copy Pods Resources";
			outputPaths = (
				"${TARGET_BUILD_DIR}/${UNLOCALIZED_RESOURCES_FOLDER_PATH}",
			);
			runOnlyForDeploymentPostprocessing = 0;
			shellPath = /bin/sh;
			shellScript = "\"${SRCROOT}/Pods/Target Support Files/Pods-TheKeyOAuth2/Pods-TheKeyOAuth2-resources.sh\"\n";
			showEnvVarsInLog = 0;
		};
		BEEE5FF830584B0794EDB5F7 /* [CP] Check Pods Manifest.lock */ = {
			isa = PBXShellScriptBuildPhase;
			buildActionMask = 2147483647;
			files = (
			);
			inputPaths = (
				"${PODS_PODFILE_DIR_PATH}/Podfile.lock",
				"${PODS_ROOT}/Manifest.lock",
			);
			name = "[CP] Check Pods Manifest.lock";
			outputPaths = (
				"$(DERIVED_FILE_DIR)/Pods-TheKeyOAuth2-checkManifestLockResult.txt",
			);
			runOnlyForDeploymentPostprocessing = 0;
			shellPath = /bin/sh;
			shellScript = "diff \"${PODS_PODFILE_DIR_PATH}/Podfile.lock\" \"${PODS_ROOT}/Manifest.lock\" > /dev/null\nif [ $? != 0 ] ; then\n    # print error to STDERR\n    echo \"error: The sandbox is not in sync with the Podfile.lock. Run 'pod install' or update your CocoaPods installation.\" >&2\n    exit 1\nfi\n# This output is used by Xcode 'outputs' to avoid re-running this script phase.\necho \"SUCCESS\" > \"${SCRIPT_OUTPUT_FILE_0}\"\n";
			showEnvVarsInLog = 0;
		};
/* End PBXShellScriptBuildPhase section */

/* Begin PBXSourcesBuildPhase section */
		D3BAC3A71836AD9500EDE24A /* Sources */ = {
			isa = PBXSourcesBuildPhase;
			buildActionMask = 2147483647;
			files = (
				D3BAC3D61836AF7C00EDE24A /* TheKeyOAuth2Client.m in Sources */,
				D3C4033C183BE939002F364E /* TheKeyOAuth2LoginViewController.m in Sources */,
			);
			runOnlyForDeploymentPostprocessing = 0;
		};
/* End PBXSourcesBuildPhase section */

/* Begin PBXVariantGroup section */
		4F4F4C971FBCCE0900CEE815 /* back.png */ = {
			isa = PBXVariantGroup;
			children = (
				4F4F4C961FBCCE0900CEE815 /* en */,
			);
			name = back.png;
			path = TheKeyOAuth2/Resources;
			sourceTree = "<group>";
		};
		4F4F4C991FBCCE2800CEE815 /* forward.png */ = {
			isa = PBXVariantGroup;
			children = (
				4F4F4C981FBCCE2800CEE815 /* en */,
			);
			name = forward.png;
			path = TheKeyOAuth2/Resources;
			sourceTree = "<group>";
		};
/* End PBXVariantGroup section */

/* Begin XCBuildConfiguration section */
		D3BAC3CC1836AD9500EDE24A /* Debug */ = {
			isa = XCBuildConfiguration;
			buildSettings = {
				ALWAYS_SEARCH_USER_PATHS = NO;
				ARCHS = "$(ARCHS_STANDARD_INCLUDING_64_BIT)";
				CLANG_CXX_LANGUAGE_STANDARD = "gnu++0x";
				CLANG_CXX_LIBRARY = "libc++";
				CLANG_ENABLE_MODULES = YES;
				CLANG_ENABLE_OBJC_ARC = YES;
				CLANG_WARN_BOOL_CONVERSION = YES;
				CLANG_WARN_CONSTANT_CONVERSION = YES;
				CLANG_WARN_DIRECT_OBJC_ISA_USAGE = YES_ERROR;
				CLANG_WARN_EMPTY_BODY = YES;
				CLANG_WARN_ENUM_CONVERSION = YES;
				CLANG_WARN_INT_CONVERSION = YES;
				CLANG_WARN_OBJC_ROOT_CLASS = YES_ERROR;
				CLANG_WARN__DUPLICATE_METHOD_MATCH = YES;
				COPY_PHASE_STRIP = NO;
				GCC_C_LANGUAGE_STANDARD = gnu99;
				GCC_DYNAMIC_NO_PIC = NO;
				GCC_OPTIMIZATION_LEVEL = 0;
				GCC_PREPROCESSOR_DEFINITIONS = (
					"DEBUG=1",
					"$(inherited)",
				);
				GCC_SYMBOLS_PRIVATE_EXTERN = NO;
				GCC_WARN_64_TO_32_BIT_CONVERSION = YES;
				GCC_WARN_ABOUT_RETURN_TYPE = YES_ERROR;
				GCC_WARN_UNDECLARED_SELECTOR = YES;
				GCC_WARN_UNINITIALIZED_AUTOS = YES;
				GCC_WARN_UNUSED_FUNCTION = YES;
				GCC_WARN_UNUSED_VARIABLE = YES;
				IPHONEOS_DEPLOYMENT_TARGET = 7.0;
				ONLY_ACTIVE_ARCH = YES;
				SDKROOT = iphoneos;
			};
			name = Debug;
		};
		D3BAC3CD1836AD9500EDE24A /* Release */ = {
			isa = XCBuildConfiguration;
			buildSettings = {
				ALWAYS_SEARCH_USER_PATHS = NO;
				ARCHS = "$(ARCHS_STANDARD_INCLUDING_64_BIT)";
				CLANG_CXX_LANGUAGE_STANDARD = "gnu++0x";
				CLANG_CXX_LIBRARY = "libc++";
				CLANG_ENABLE_MODULES = YES;
				CLANG_ENABLE_OBJC_ARC = YES;
				CLANG_WARN_BOOL_CONVERSION = YES;
				CLANG_WARN_CONSTANT_CONVERSION = YES;
				CLANG_WARN_DIRECT_OBJC_ISA_USAGE = YES_ERROR;
				CLANG_WARN_EMPTY_BODY = YES;
				CLANG_WARN_ENUM_CONVERSION = YES;
				CLANG_WARN_INT_CONVERSION = YES;
				CLANG_WARN_OBJC_ROOT_CLASS = YES_ERROR;
				CLANG_WARN__DUPLICATE_METHOD_MATCH = YES;
				COPY_PHASE_STRIP = YES;
				ENABLE_NS_ASSERTIONS = NO;
				GCC_C_LANGUAGE_STANDARD = gnu99;
				GCC_WARN_64_TO_32_BIT_CONVERSION = YES;
				GCC_WARN_ABOUT_RETURN_TYPE = YES_ERROR;
				GCC_WARN_UNDECLARED_SELECTOR = YES;
				GCC_WARN_UNINITIALIZED_AUTOS = YES;
				GCC_WARN_UNUSED_FUNCTION = YES;
				GCC_WARN_UNUSED_VARIABLE = YES;
				IPHONEOS_DEPLOYMENT_TARGET = 7.0;
				SDKROOT = iphoneos;
				VALIDATE_PRODUCT = YES;
			};
			name = Release;
		};
		D3BAC3CF1836AD9500EDE24A /* Debug */ = {
			isa = XCBuildConfiguration;
			baseConfigurationReference = AE3262F8F81A51B264ED0E2B /* Pods-TheKeyOAuth2.debug.xcconfig */;
			buildSettings = {
				CLANG_ALLOW_NON_MODULAR_INCLUDES_IN_FRAMEWORK_MODULES = YES;
				DSTROOT = /tmp/TheKeyOAuth2.dst;
				GCC_PRECOMPILE_PREFIX_HEADER = YES;
				GCC_PREFIX_HEADER = "TheKeyOAuth2/TheKeyOAuth2-Prefix.pch";
				OTHER_LDFLAGS = (
					"-ObjC",
					"$(inherited)",
				);
				PRODUCT_NAME = "$(TARGET_NAME)";
				SKIP_INSTALL = YES;
			};
			name = Debug;
		};
		D3BAC3D01836AD9500EDE24A /* Release */ = {
			isa = XCBuildConfiguration;
			baseConfigurationReference = E8B0B05FD0B9E5DDA3CC3A19 /* Pods-TheKeyOAuth2.release.xcconfig */;
			buildSettings = {
				CLANG_ALLOW_NON_MODULAR_INCLUDES_IN_FRAMEWORK_MODULES = YES;
				DSTROOT = /tmp/TheKeyOAuth2.dst;
				GCC_PRECOMPILE_PREFIX_HEADER = YES;
				GCC_PREFIX_HEADER = "TheKeyOAuth2/TheKeyOAuth2-Prefix.pch";
				OTHER_LDFLAGS = (
					"-ObjC",
					"$(inherited)",
				);
				PRODUCT_NAME = "$(TARGET_NAME)";
				SKIP_INSTALL = YES;
			};
			name = Release;
		};
/* End XCBuildConfiguration section */

/* Begin XCConfigurationList section */
		D3BAC3A61836AD9500EDE24A /* Build configuration list for PBXProject "TheKeyOAuth2" */ = {
			isa = XCConfigurationList;
			buildConfigurations = (
				D3BAC3CC1836AD9500EDE24A /* Debug */,
				D3BAC3CD1836AD9500EDE24A /* Release */,
			);
			defaultConfigurationIsVisible = 0;
			defaultConfigurationName = Release;
		};
		D3BAC3CE1836AD9500EDE24A /* Build configuration list for PBXNativeTarget "TheKeyOAuth2" */ = {
			isa = XCConfigurationList;
			buildConfigurations = (
				D3BAC3CF1836AD9500EDE24A /* Debug */,
				D3BAC3D01836AD9500EDE24A /* Release */,
			);
			defaultConfigurationIsVisible = 0;
			defaultConfigurationName = Release;
		};
/* End XCConfigurationList section */
	};
	rootObject = D3BAC3A31836AD9500EDE24A /* Project object */;
}
